PODS:
  - Flutter (1.0.0)
  - uninativemodule_demo (0.0.1):
    - Flutter

DEPENDENCIES:
  - Flutter (from `Flutter`)
  - uninativemodule_demo (from `.symlinks/plugins/uninativemodule_demo/ios`)

EXTERNAL SOURCES:
  Flutter:
    :path: Flutter
  uninativemodule_demo:
    :path: ".symlinks/plugins/uninativemodule_demo/ios"

SPEC CHECKSUMS:
  Flutter: e0871f40cf51350855a761d2e70bf5af5b9b5de7
  uninativemodule_demo: d6d9105d0be0864a8ad6a16b39a8f842fed08d93

PODFILE CHECKSUM: 1a782344d33c12ced0182eeab11e8668d253eb48

COCOAPODS: 1.11.3
