PODS:
  - Flutter (1.0.0)
  - Masonry (0.6.3)
  - unify_uni_page (0.0.1):
    - Flutter

DEPENDENCIES:
  - Flutter (from `Flutter`)
  - Masonry (= 0.6.3)
  - unify_uni_page (from `.symlinks/plugins/unify_uni_page/ios`)

SPEC REPOS:
  trunk:
    - Masonry

EXTERNAL SOURCES:
  Flutter:
    :path: Flutter
  unify_uni_page:
    :path: ".symlinks/plugins/unify_uni_page/ios"

SPEC CHECKSUMS:
  Flutter: 50d75fe2f02b26cc09d224853bb45737f8b3214a
  Masonry: ff105a956abcd19a618b2028b121cb638d7a8e2f
  unify_uni_page: a12caa5e12170ebb4ff641a4ff363678d1bec7ed

PODFILE CHECKSUM: cfe02b8a98e61beec1bbfab7cfef44b7f7ab8b4f

COCOAPODS: 1.15.2
