PODS:
  - Flutter (1.0.0)
  - unifluttermodule_demo (0.0.1):
    - Flutter

DEPENDENCIES:
  - Flutter (from `Flutter`)
  - unifluttermodule_demo (from `.symlinks/plugins/unifluttermodule_demo/ios`)

EXTERNAL SOURCES:
  Flutter:
    :path: Flutter
  unifluttermodule_demo:
    :path: ".symlinks/plugins/unifluttermodule_demo/ios"

SPEC CHECKSUMS:
  Flutter: e0871f40cf51350855a761d2e70bf5af5b9b5de7
  unifluttermodule_demo: 90dd4211c9f496f0af4d6c8dc34b0f26f45fb56e

PODFILE CHECKSUM: 1a782344d33c12ced0182eeab11e8668d253eb48

COCOAPODS: 1.11.3
